
Microsoft Visual Studio Solution File, Format Version 12.00
Project("{FAE04EC0-301F-11D3-BF4B-00C04F79EFBC}") = "ProjetoUm", "ProjetoUm\ProjetoUm.csproj", "{9BDEBE19-7760-4878-AAB5-3DA7EE031D4B}"
EndProject
Global
	GlobalSection(SolutionConfigurationPlatforms) = preSolution
		Debug|Any CPU = Debug|Any CPU
		Release|Any CPU = Release|Any CPU
	EndGlobalSection
	GlobalSection(ProjectConfigurationPlatforms) = postSolution
		{9BDEBE19-7760-4878-AAB5-3DA7EE031D4B}.Debug|Any CPU.ActiveCfg = Debug|Any CPU
		{9BDEBE19-7760-4878-AAB5-3DA7EE031D4B}.Debug|Any CPU.Build.0 = Debug|Any CPU
		{9BDEBE19-7760-4878-AAB5-3DA7EE031D4B}.Release|Any CPU.ActiveCfg = Release|Any CPU
		{9BDEBE19-7760-4878-AAB5-3DA7EE031D4B}.Release|Any CPU.Build.0 = Release|Any CPU
	EndGlobalSection
EndGlobal
